
Microsoft Visual Studio Solution File, Format Version 12.00
# Visual Studio Version 17
VisualStudioVersion = 17.7.34031.279
MinimumVisualStudioVersion = 10.0.40219.1
Project("{FAE04EC0-301F-11D3-BF4B-00C04F79EFBC}") = "HyundaiTestDriveBooking", "HyundaiTestDriveBooking.csproj", "{BAFC7EC9-1809-41FF-81FC-C83B217E00F3}"
EndProject
Project("{FAE04EC0-301F-11D3-BF4B-00C04F79EFBC}") = "HyundaiTestDriveBooking.Tests", "HyundaiTestDriveBooking.Tests\HyundaiTestDriveBooking.Tests.csproj", "{3F9CAABA-BA62-479C-95BD-1447EB2C11E5}"
EndProject
Global
	GlobalSection(SolutionConfigurationPlatforms) = preSolution
		Debug|Any CPU = Debug|Any CPU
		Release|Any CPU = Release|Any CPU
	EndGlobalSection
	GlobalSection(ProjectConfigurationPlatforms) = postSolution
		{BAFC7EC9-1809-41FF-81FC-C83B217E00F3}.Debug|Any CPU.ActiveCfg = Debug|Any CPU
		{BAFC7EC9-1809-41FF-81FC-C83B217E00F3}.Debug|Any CPU.Build.0 = Debug|Any CPU
		{BAFC7EC9-1809-41FF-81FC-C83B217E00F3}.Release|Any CPU.ActiveCfg = Release|Any CPU
		{BAFC7EC9-1809-41FF-81FC-C83B217E00F3}.Release|Any CPU.Build.0 = Release|Any CPU
		{3F9CAABA-BA62-479C-95BD-1447EB2C11E5}.Debug|Any CPU.ActiveCfg = Debug|Any CPU
		{3F9CAABA-BA62-479C-95BD-1447EB2C11E5}.Debug|Any CPU.Build.0 = Debug|Any CPU
		{3F9CAABA-BA62-479C-95BD-1447EB2C11E5}.Release|Any CPU.ActiveCfg = Release|Any CPU
		{3F9CAABA-BA62-479C-95BD-1447EB2C11E5}.Release|Any CPU.Build.0 = Release|Any CPU
	EndGlobalSection
	GlobalSection(SolutionProperties) = preSolution
		HideSolutionNode = FALSE
	EndGlobalSection
	GlobalSection(ExtensibilityGlobals) = postSolution
		SolutionGuid = {AC460C20-E285-4EE7-8825-FD6A685CA763}
	EndGlobalSection
EndGlobal
